{
  "object": {
    "pins": [
      {
        "package": "RealmDatabase",
        "repositoryURL": "https://github.com/realm/realm-core",
        "state": {
          "branch": null,
          "revision": "2b8def17bb8e0cddbcc754db6b6466b8487feebf",
          "version": "12.5.0"
        }
      },
      {
        "package": "Realm",
        "repositoryURL": "https://github.com/realm/realm-swift.git",
        "state": {
          "branch": null,
          "revision": "a107f5660b0b6067700923af7f107b6af73c546b",
          "version": "10.28.5"
        }
      }
    ]
  },
  "version": 1
}
